
Microsoft Visual Studio Solution File, Format Version 12.00
# Visual Studio Version 16
VisualStudioVersion = 16.0.30413.136
MinimumVisualStudioVersion = 10.0.40219.1
Project("{FAE04EC0-301F-11D3-BF4B-00C04F79EFBC}") = "Dominio", "Dominio\Dominio.csproj", "{3E0B0D43-98CB-4CDF-BCF6-722638A12033}"
EndProject
Project("{FAE04EC0-301F-11D3-BF4B-00C04F79EFBC}") = "Negocio", "Negocio\Negocio.csproj", "{F97DEB8A-55C3-423E-A666-3AEB781AC4E8}"
EndProject
Project("{FAE04EC0-301F-11D3-BF4B-00C04F79EFBC}") = "CarritoWeb", "CarritoWeb\CarritoWeb.csproj", "{AB11AD93-3185-40BC-8CB8-4D0A07CB03EA}"
EndProject
Global
	GlobalSection(SolutionConfigurationPlatforms) = preSolution
		Debug|Any CPU = Debug|Any CPU
		Release|Any CPU = Release|Any CPU
	EndGlobalSection
	GlobalSection(ProjectConfigurationPlatforms) = postSolution
		{3E0B0D43-98CB-4CDF-BCF6-722638A12033}.Debug|Any CPU.ActiveCfg = Debug|Any CPU
		{3E0B0D43-98CB-4CDF-BCF6-722638A12033}.Debug|Any CPU.Build.0 = Debug|Any CPU
		{3E0B0D43-98CB-4CDF-BCF6-722638A12033}.Release|Any CPU.ActiveCfg = Release|Any CPU
		{3E0B0D43-98CB-4CDF-BCF6-722638A12033}.Release|Any CPU.Build.0 = Release|Any CPU
		{F97DEB8A-55C3-423E-A666-3AEB781AC4E8}.Debug|Any CPU.ActiveCfg = Debug|Any CPU
		{F97DEB8A-55C3-423E-A666-3AEB781AC4E8}.Debug|Any CPU.Build.0 = Debug|Any CPU
		{F97DEB8A-55C3-423E-A666-3AEB781AC4E8}.Release|Any CPU.ActiveCfg = Release|Any CPU
		{F97DEB8A-55C3-423E-A666-3AEB781AC4E8}.Release|Any CPU.Build.0 = Release|Any CPU
		{AB11AD93-3185-40BC-8CB8-4D0A07CB03EA}.Debug|Any CPU.ActiveCfg = Debug|Any CPU
		{AB11AD93-3185-40BC-8CB8-4D0A07CB03EA}.Debug|Any CPU.Build.0 = Debug|Any CPU
		{AB11AD93-3185-40BC-8CB8-4D0A07CB03EA}.Release|Any CPU.ActiveCfg = Release|Any CPU
		{AB11AD93-3185-40BC-8CB8-4D0A07CB03EA}.Release|Any CPU.Build.0 = Release|Any CPU
	EndGlobalSection
	GlobalSection(SolutionProperties) = preSolution
		HideSolutionNode = FALSE
	EndGlobalSection
	GlobalSection(ExtensibilityGlobals) = postSolution
		SolutionGuid = {3DED5B0B-75F9-4317-B433-8062269B6164}
	EndGlobalSection
EndGlobal
